
Microsoft Visual Studio Solution File, Format Version 12.00
# Visual Studio Version 17
VisualStudioVersion = 17.11.35327.3
MinimumVisualStudioVersion = 10.0.40219.1
Project("{FAE04EC0-301F-11D3-BF4B-00C04F79EFBC}") = "SerialComView", "SerialComView.csproj", "{FCCE7700-869B-48E8-81C1-3CB05AD410A7}"
EndProject
Global
	GlobalSection(SolutionConfigurationPlatforms) = preSolution
		Debug|Any CPU = Debug|Any CPU
		Release|Any CPU = Release|Any CPU
	EndGlobalSection
	GlobalSection(ProjectConfigurationPlatforms) = postSolution
		{FCCE7700-869B-48E8-81C1-3CB05AD410A7}.Debug|Any CPU.ActiveCfg = Debug|Any CPU
		{FCCE7700-869B-48E8-81C1-3CB05AD410A7}.Debug|Any CPU.Build.0 = Debug|Any CPU
		{FCCE7700-869B-48E8-81C1-3CB05AD410A7}.Release|Any CPU.ActiveCfg = Release|Any CPU
		{FCCE7700-869B-48E8-81C1-3CB05AD410A7}.Release|Any CPU.Build.0 = Release|Any CPU
	EndGlobalSection
	GlobalSection(SolutionProperties) = preSolution
		HideSolutionNode = FALSE
	EndGlobalSection
	GlobalSection(ExtensibilityGlobals) = postSolution
		SolutionGuid = {C1DC5C6D-80C5-4FCE-B258-F1F29D7C060B}
	EndGlobalSection
EndGlobal
